
Microsoft Visual Studio Solution File, Format Version 12.00
# Visual Studio 14
VisualStudioVersion = 14.0.25420.1
MinimumVisualStudioVersion = 10.0.40219.1
Project("{FAE04EC0-301F-11D3-BF4B-00C04F79EFBC}") = "PCMarket.Models", "PCMarket.Models\PCMarket.Models.csproj", "{63A3316E-6C07-440E-B330-402C4EE95525}"
EndProject
Project("{FAE04EC0-301F-11D3-BF4B-00C04F79EFBC}") = "PCMarket.Data", "PCMarket.Data\PCMarket.Data.csproj", "{F226AC8B-3974-4A5A-AFC4-5D49E1EDBE0A}"
EndProject
Project("{FAE04EC0-301F-11D3-BF4B-00C04F79EFBC}") = "PCMarket.Services", "PCMarket.Services\PCMarket.Services.csproj", "{0B8EBCC8-996C-4CF5-A693-ECBCA1903A8A}"
EndProject
Project("{FAE04EC0-301F-11D3-BF4B-00C04F79EFBC}") = "PCMarket.WebApplication", "PCMarket.WebApplication\PCMarket.WebApplication.csproj", "{7166039E-3AB9-4F01-91FF-396E9C3BF18A}"
EndProject
Project("{FAE04EC0-301F-11D3-BF4B-00C04F79EFBC}") = "PCMarket.WebApplication.Tests", "PCMarket.WebApplication.Tests\PCMarket.WebApplication.Tests.csproj", "{8B297F8E-1FDF-4134-A97A-E36EA7BD9EE8}"
EndProject
Project("{FAE04EC0-301F-11D3-BF4B-00C04F79EFBC}") = "PCMarket.Common", "PCMarket.Common\PCMarket.Common.csproj", "{F4207A89-32F8-4756-9137-DFDBB174D022}"
EndProject
Project("{FAE04EC0-301F-11D3-BF4B-00C04F79EFBC}") = "PCMarket.TestCaser", "PCMarket.TestCaser\PCMarket.TestCaser.csproj", "{A8355689-7A07-4DDB-AE77-A44D51C69C6E}"
EndProject
Global
	GlobalSection(SolutionConfigurationPlatforms) = preSolution
		Debug|Any CPU = Debug|Any CPU
		Release|Any CPU = Release|Any CPU
	EndGlobalSection
	GlobalSection(ProjectConfigurationPlatforms) = postSolution
		{63A3316E-6C07-440E-B330-402C4EE95525}.Debug|Any CPU.ActiveCfg = Debug|Any CPU
		{63A3316E-6C07-440E-B330-402C4EE95525}.Debug|Any CPU.Build.0 = Debug|Any CPU
		{63A3316E-6C07-440E-B330-402C4EE95525}.Release|Any CPU.ActiveCfg = Release|Any CPU
		{63A3316E-6C07-440E-B330-402C4EE95525}.Release|Any CPU.Build.0 = Release|Any CPU
		{F226AC8B-3974-4A5A-AFC4-5D49E1EDBE0A}.Debug|Any CPU.ActiveCfg = Debug|Any CPU
		{F226AC8B-3974-4A5A-AFC4-5D49E1EDBE0A}.Debug|Any CPU.Build.0 = Debug|Any CPU
		{F226AC8B-3974-4A5A-AFC4-5D49E1EDBE0A}.Release|Any CPU.ActiveCfg = Release|Any CPU
		{F226AC8B-3974-4A5A-AFC4-5D49E1EDBE0A}.Release|Any CPU.Build.0 = Release|Any CPU
		{0B8EBCC8-996C-4CF5-A693-ECBCA1903A8A}.Debug|Any CPU.ActiveCfg = Debug|Any CPU
		{0B8EBCC8-996C-4CF5-A693-ECBCA1903A8A}.Debug|Any CPU.Build.0 = Debug|Any CPU
		{0B8EBCC8-996C-4CF5-A693-ECBCA1903A8A}.Release|Any CPU.ActiveCfg = Release|Any CPU
		{0B8EBCC8-996C-4CF5-A693-ECBCA1903A8A}.Release|Any CPU.Build.0 = Release|Any CPU
		{7166039E-3AB9-4F01-91FF-396E9C3BF18A}.Debug|Any CPU.ActiveCfg = Debug|Any CPU
		{7166039E-3AB9-4F01-91FF-396E9C3BF18A}.Debug|Any CPU.Build.0 = Debug|Any CPU
		{7166039E-3AB9-4F01-91FF-396E9C3BF18A}.Release|Any CPU.ActiveCfg = Release|Any CPU
		{7166039E-3AB9-4F01-91FF-396E9C3BF18A}.Release|Any CPU.Build.0 = Release|Any CPU
		{8B297F8E-1FDF-4134-A97A-E36EA7BD9EE8}.Debug|Any CPU.ActiveCfg = Debug|Any CPU
		{8B297F8E-1FDF-4134-A97A-E36EA7BD9EE8}.Debug|Any CPU.Build.0 = Debug|Any CPU
		{8B297F8E-1FDF-4134-A97A-E36EA7BD9EE8}.Release|Any CPU.ActiveCfg = Release|Any CPU
		{8B297F8E-1FDF-4134-A97A-E36EA7BD9EE8}.Release|Any CPU.Build.0 = Release|Any CPU
		{F4207A89-32F8-4756-9137-DFDBB174D022}.Debug|Any CPU.ActiveCfg = Debug|Any CPU
		{F4207A89-32F8-4756-9137-DFDBB174D022}.Debug|Any CPU.Build.0 = Debug|Any CPU
		{F4207A89-32F8-4756-9137-DFDBB174D022}.Release|Any CPU.ActiveCfg = Release|Any CPU
		{F4207A89-32F8-4756-9137-DFDBB174D022}.Release|Any CPU.Build.0 = Release|Any CPU
		{A8355689-7A07-4DDB-AE77-A44D51C69C6E}.Debug|Any CPU.ActiveCfg = Debug|Any CPU
		{A8355689-7A07-4DDB-AE77-A44D51C69C6E}.Debug|Any CPU.Build.0 = Debug|Any CPU
		{A8355689-7A07-4DDB-AE77-A44D51C69C6E}.Release|Any CPU.ActiveCfg = Release|Any CPU
		{A8355689-7A07-4DDB-AE77-A44D51C69C6E}.Release|Any CPU.Build.0 = Release|Any CPU
	EndGlobalSection
	GlobalSection(SolutionProperties) = preSolution
		HideSolutionNode = FALSE
	EndGlobalSection
EndGlobal
